// !$*UTF8*$!
{
	archiveVersion = 1;
	classes = {
	};
	objectVersion = 77;
	objects = {

/* Begin PBXBuildFile section */
		14006CFBCD20618425A956AD /* AudioToolbox.framework in Frameworks */ = {isa = PBXBuildFile; fileRef = 3C01A2877205B69CBC0C74A2 /* AudioToolbox.framework */; };
		26461A70B5DBAA27A0D0AE4D /* MultiTrackAudioHostController.swift in Sources */ = {isa = PBXBuildFile; fileRef = 907616E833D51D8D6FE5502E /* MultiTrackAudioHostController.swift */; };
		3978E929F9DE78777CAD7D70 /* CoreAudio.framework in Frameworks */ = {isa = PBXBuildFile; fileRef = 5FABE4A3EC0C46930DFA1CFA /* CoreAudio.framework */; };
		4B5F4C1E2F0EB5D5EE2CF762 /* MultiTrackViewModel.swift in Sources */ = {isa = PBXBuildFile; fileRef = 51F587125760077EB7BA3750 /* MultiTrackViewModel.swift */; };
		51D670A8169091E09AFDF4A9 /* MultiTrackModels.swift in Sources */ = {isa = PBXBuildFile; fileRef = 68D2CC2F5749BB865FE1DE0F /* MultiTrackModels.swift */; };
		58E70733817514AA56B4B415 /* AudioHostController.swift in Sources */ = {isa = PBXBuildFile; fileRef = CE3A1C4E2349E802C98811DE /* AudioHostController.swift */; };
		5F2ADE8800DC08F044F64C09 /* HostViewModel.swift in Sources */ = {isa = PBXBuildFile; fileRef = 574FB1DF0AF073B8D3A2B1EE /* HostViewModel.swift */; };
		7E6DEB0CCD73CEBC7F987823 /* HostModeRootView.swift in Sources */ = {isa = PBXBuildFile; fileRef = 7AF36C3F7011608827EF703F /* HostModeRootView.swift */; };
		845EF77A005A49F188AE31DE /* AVFoundation.framework in Frameworks */ = {isa = PBXBuildFile; fileRef = 2B2D3D79507244C560BDD5E7 /* AVFoundation.framework */; };
		A87382D5FB9A0BFD14CB62E9 /* MultiTrackView.swift in Sources */ = {isa = PBXBuildFile; fileRef = C6D62822C556D03150F26589 /* MultiTrackView.swift */; };
		ADFEE25038031CFF542E2323 /* ContentView.swift in Sources */ = {isa = PBXBuildFile; fileRef = D1AEDFBA668B5A410BB12D49 /* ContentView.swift */; };
		DA88A40C2B49C756F57749EF /* FloatRingBuffer.c in Sources */ = {isa = PBXBuildFile; fileRef = 2B76015B39F45AB414C53372 /* FloatRingBuffer.c */; };
		F01185DB34C3F70F201D81D7 /* SimpleAUHostApp.swift in Sources */ = {isa = PBXBuildFile; fileRef = E0D8ECFE98AFE6D0D136AED4 /* SimpleAUHostApp.swift */; };
/* End PBXBuildFile section */

/* Begin PBXFileReference section */
		18761B649069432C044D9E00 /* SimpleAUHost-Bridging-Header.h */ = {isa = PBXFileReference; lastKnownFileType = sourcecode.c.h; path = "SimpleAUHost-Bridging-Header.h"; sourceTree = "<group>"; };
		2B2D3D79507244C560BDD5E7 /* AVFoundation.framework */ = {isa = PBXFileReference; lastKnownFileType = wrapper.framework; name = AVFoundation.framework; path = System/Library/Frameworks/AVFoundation.framework; sourceTree = SDKROOT; };
		2B76015B39F45AB414C53372 /* FloatRingBuffer.c */ = {isa = PBXFileReference; lastKnownFileType = sourcecode.c.c; path = FloatRingBuffer.c; sourceTree = "<group>"; };
		3C01A2877205B69CBC0C74A2 /* AudioToolbox.framework */ = {isa = PBXFileReference; lastKnownFileType = wrapper.framework; name = AudioToolbox.framework; path = System/Library/Frameworks/AudioToolbox.framework; sourceTree = SDKROOT; };
		51F587125760077EB7BA3750 /* MultiTrackViewModel.swift */ = {isa = PBXFileReference; lastKnownFileType = sourcecode.swift; path = MultiTrackViewModel.swift; sourceTree = "<group>"; };
		574FB1DF0AF073B8D3A2B1EE /* HostViewModel.swift */ = {isa = PBXFileReference; lastKnownFileType = sourcecode.swift; path = HostViewModel.swift; sourceTree = "<group>"; };
		5FABE4A3EC0C46930DFA1CFA /* CoreAudio.framework */ = {isa = PBXFileReference; lastKnownFileType = wrapper.framework; name = CoreAudio.framework; path = System/Library/Frameworks/CoreAudio.framework; sourceTree = SDKROOT; };
		68D2CC2F5749BB865FE1DE0F /* MultiTrackModels.swift */ = {isa = PBXFileReference; lastKnownFileType = sourcecode.swift; path = MultiTrackModels.swift; sourceTree = "<group>"; };
		7AF36C3F7011608827EF703F /* HostModeRootView.swift */ = {isa = PBXFileReference; lastKnownFileType = sourcecode.swift; path = HostModeRootView.swift; sourceTree = "<group>"; };
		907616E833D51D8D6FE5502E /* MultiTrackAudioHostController.swift */ = {isa = PBXFileReference; lastKnownFileType = sourcecode.swift; path = MultiTrackAudioHostController.swift; sourceTree = "<group>"; };
		BBFBDFDA26FBF58E6FB8AEB4 /* FloatRingBuffer.h */ = {isa = PBXFileReference; lastKnownFileType = sourcecode.c.h; path = FloatRingBuffer.h; sourceTree = "<group>"; };
		C6D62822C556D03150F26589 /* MultiTrackView.swift */ = {isa = PBXFileReference; lastKnownFileType = sourcecode.swift; path = MultiTrackView.swift; sourceTree = "<group>"; };
		CE3A1C4E2349E802C98811DE /* AudioHostController.swift */ = {isa = PBXFileReference; lastKnownFileType = sourcecode.swift; path = AudioHostController.swift; sourceTree = "<group>"; };
		D1AEDFBA668B5A410BB12D49 /* ContentView.swift */ = {isa = PBXFileReference; lastKnownFileType = sourcecode.swift; path = ContentView.swift; sourceTree = "<group>"; };
		E0D8ECFE98AFE6D0D136AED4 /* SimpleAUHostApp.swift */ = {isa = PBXFileReference; lastKnownFileType = sourcecode.swift; path = SimpleAUHostApp.swift; sourceTree = "<group>"; };
		E92E12B34A5D890A1D40102E /* SimpleAUHost.app */ = {isa = PBXFileReference; explicitFileType = wrapper.application; includeInIndex = 0; path = SimpleAUHost.app; sourceTree = BUILT_PRODUCTS_DIR; };
/* End PBXFileReference section */

/* Begin PBXFrameworksBuildPhase section */
		325CAB6070420139FD230C34 /* Frameworks */ = {
			isa = PBXFrameworksBuildPhase;
			buildActionMask = 2147483647;
			files = (
				845EF77A005A49F188AE31DE /* AVFoundation.framework in Frameworks */,
				14006CFBCD20618425A956AD /* AudioToolbox.framework in Frameworks */,
				3978E929F9DE78777CAD7D70 /* CoreAudio.framework in Frameworks */,
			);
			runOnlyForDeploymentPostprocessing = 0;
		};
/* End PBXFrameworksBuildPhase section */

/* Begin PBXGroup section */
		236DCE541148D705EA6278ED /* Audio */ = {
			isa = PBXGroup;
			children = (
				CE3A1C4E2349E802C98811DE /* AudioHostController.swift */,
				907616E833D51D8D6FE5502E /* MultiTrackAudioHostController.swift */,
			);
			path = Audio;
			sourceTree = "<group>";
		};
		497ED8E634003558795000E1 /* SimpleAUHost */ = {
			isa = PBXGroup;
			children = (
				D1AEDFBA668B5A410BB12D49 /* ContentView.swift */,
				7AF36C3F7011608827EF703F /* HostModeRootView.swift */,
				574FB1DF0AF073B8D3A2B1EE /* HostViewModel.swift */,
				68D2CC2F5749BB865FE1DE0F /* MultiTrackModels.swift */,
				C6D62822C556D03150F26589 /* MultiTrackView.swift */,
				51F587125760077EB7BA3750 /* MultiTrackViewModel.swift */,
				E0D8ECFE98AFE6D0D136AED4 /* SimpleAUHostApp.swift */,
				236DCE541148D705EA6278ED /* Audio */,
				50CB34F02B0A49D692AE8C78 /* Support */,
			);
			path = SimpleAUHost;
			sourceTree = "<group>";
		};
		50CB34F02B0A49D692AE8C78 /* Support */ = {
			isa = PBXGroup;
			children = (
				2B76015B39F45AB414C53372 /* FloatRingBuffer.c */,
				BBFBDFDA26FBF58E6FB8AEB4 /* FloatRingBuffer.h */,
				18761B649069432C044D9E00 /* SimpleAUHost-Bridging-Header.h */,
			);
			path = Support;
			sourceTree = "<group>";
		};
		8C03DD9D7E1577CA7554DFC4 = {
			isa = PBXGroup;
			children = (
				497ED8E634003558795000E1 /* SimpleAUHost */,
				F1709B050F98A2497B0EE04C /* Frameworks */,
				C0FB93FFDDA4460A2C09004A /* Products */,
			);
			sourceTree = "<group>";
		};
		C0FB93FFDDA4460A2C09004A /* Products */ = {
			isa = PBXGroup;
			children = (
				E92E12B34A5D890A1D40102E /* SimpleAUHost.app */,
			);
			name = Products;
			sourceTree = "<group>";
		};
		F1709B050F98A2497B0EE04C /* Frameworks */ = {
			isa = PBXGroup;
			children = (
				3C01A2877205B69CBC0C74A2 /* AudioToolbox.framework */,
				2B2D3D79507244C560BDD5E7 /* AVFoundation.framework */,
				5FABE4A3EC0C46930DFA1CFA /* CoreAudio.framework */,
			);
			name = Frameworks;
			sourceTree = "<group>";
		};
/* End PBXGroup section */

/* Begin PBXNativeTarget section */
		60B51BDF5E2BD19F3D8BDB27 /* SimpleAUHost */ = {
			isa = PBXNativeTarget;
			buildConfigurationList = 3C4B09B83565590643E61018 /* Build configuration list for PBXNativeTarget "SimpleAUHost" */;
			buildPhases = (
				407764C8B22E3A6176E6DE43 /* Sources */,
				325CAB6070420139FD230C34 /* Frameworks */,
			);
			buildRules = (
			);
			dependencies = (
			);
			name = SimpleAUHost;
			packageProductDependencies = (
			);
			productName = SimpleAUHost;
			productReference = E92E12B34A5D890A1D40102E /* SimpleAUHost.app */;
			productType = "com.apple.product-type.application";
		};
/* End PBXNativeTarget section */

/* Begin PBXProject section */
		DFF9E0B3F9DC0F5E27B77A4D /* Project object */ = {
			isa = PBXProject;
			attributes = {
				BuildIndependentTargetsInParallel = YES;
				LastUpgradeCheck = 1430;
				TargetAttributes = {
					60B51BDF5E2BD19F3D8BDB27 = {
						ProvisioningStyle = Automatic;
					};
				};
			};
			buildConfigurationList = 2E50E1C746CFEBADFE5DB7E7 /* Build configuration list for PBXProject "SimpleAUHost" */;
			developmentRegion = en;
			hasScannedForEncodings = 0;
			knownRegions = (
				Base,
				en,
			);
			mainGroup = 8C03DD9D7E1577CA7554DFC4;
			minimizedProjectReferenceProxies = 1;
			preferredProjectObjectVersion = 77;
			productRefGroup = C0FB93FFDDA4460A2C09004A /* Products */;
			projectDirPath = "";
			projectRoot = "";
			targets = (
				60B51BDF5E2BD19F3D8BDB27 /* SimpleAUHost */,
			);
		};
/* End PBXProject section */

/* Begin PBXSourcesBuildPhase section */
		407764C8B22E3A6176E6DE43 /* Sources */ = {
			isa = PBXSourcesBuildPhase;
			buildActionMask = 2147483647;
			files = (
				58E70733817514AA56B4B415 /* AudioHostController.swift in Sources */,
				ADFEE25038031CFF542E2323 /* ContentView.swift in Sources */,
				DA88A40C2B49C756F57749EF /* FloatRingBuffer.c in Sources */,
				7E6DEB0CCD73CEBC7F987823 /* HostModeRootView.swift in Sources */,
				5F2ADE8800DC08F044F64C09 /* HostViewModel.swift in Sources */,
				26461A70B5DBAA27A0D0AE4D /* MultiTrackAudioHostController.swift in Sources */,
				51D670A8169091E09AFDF4A9 /* MultiTrackModels.swift in Sources */,
				A87382D5FB9A0BFD14CB62E9 /* MultiTrackView.swift in Sources */,
				4B5F4C1E2F0EB5D5EE2CF762 /* MultiTrackViewModel.swift in Sources */,
				F01185DB34C3F70F201D81D7 /* SimpleAUHostApp.swift in Sources */,
			);
			runOnlyForDeploymentPostprocessing = 0;
		};
/* End PBXSourcesBuildPhase section */

/* Begin XCBuildConfiguration section */
		18DDC4B5D70EFE6640C582C8 /* Debug */ = {
			isa = XCBuildConfiguration;
			buildSettings = {
				ALWAYS_SEARCH_USER_PATHS = NO;
				CLANG_ANALYZER_NONNULL = YES;
				CLANG_ANALYZER_NUMBER_OBJECT_CONVERSION = YES_AGGRESSIVE;
				CLANG_CXX_LANGUAGE_STANDARD = "gnu++14";
				CLANG_CXX_LIBRARY = "libc++";
				CLANG_ENABLE_MODULES = YES;
				CLANG_ENABLE_OBJC_ARC = YES;
				CLANG_ENABLE_OBJC_WEAK = YES;
				CLANG_WARN_BLOCK_CAPTURE_AUTORELEASING = YES;
				CLANG_WARN_BOOL_CONVERSION = YES;
				CLANG_WARN_COMMA = YES;
				CLANG_WARN_CONSTANT_CONVERSION = YES;
				CLANG_WARN_DEPRECATED_OBJC_IMPLEMENTATIONS = YES;
				CLANG_WARN_DIRECT_OBJC_ISA_USAGE = YES_ERROR;
				CLANG_WARN_DOCUMENTATION_COMMENTS = YES;
				CLANG_WARN_EMPTY_BODY = YES;
				CLANG_WARN_ENUM_CONVERSION = YES;
				CLANG_WARN_INFINITE_RECURSION = YES;
				CLANG_WARN_INT_CONVERSION = YES;
				CLANG_WARN_NON_LITERAL_NULL_CONVERSION = YES;
				CLANG_WARN_OBJC_IMPLICIT_RETAIN_SELF = YES;
				CLANG_WARN_OBJC_LITERAL_CONVERSION = YES;
				CLANG_WARN_OBJC_ROOT_CLASS = YES_ERROR;
				CLANG_WARN_QUOTED_INCLUDE_IN_FRAMEWORK_HEADER = YES;
				CLANG_WARN_RANGE_LOOP_ANALYSIS = YES;
				CLANG_WARN_STRICT_PROTOTYPES = YES;
				CLANG_WARN_SUSPICIOUS_MOVE = YES;
				CLANG_WARN_UNGUARDED_AVAILABILITY = YES_AGGRESSIVE;
				CLANG_WARN_UNREACHABLE_CODE = YES;
				CLANG_WARN__DUPLICATE_METHOD_MATCH = YES;
				CODE_SIGN_STYLE = Automatic;
				COPY_PHASE_STRIP = NO;
				DEBUG_INFORMATION_FORMAT = dwarf;
				ENABLE_STRICT_OBJC_MSGSEND = YES;
				ENABLE_TESTABILITY = YES;
				GCC_C_LANGUAGE_STANDARD = gnu11;
				GCC_DYNAMIC_NO_PIC = NO;
				GCC_NO_COMMON_BLOCKS = YES;
				GCC_OPTIMIZATION_LEVEL = 0;
				GCC_PREPROCESSOR_DEFINITIONS = (
					"$(inherited)",
					"DEBUG=1",
				);
				GCC_WARN_64_TO_32_BIT_CONVERSION = YES;
				GCC_WARN_ABOUT_RETURN_TYPE = YES_ERROR;
				GCC_WARN_UNDECLARED_SELECTOR = YES;
				GCC_WARN_UNINITIALIZED_AUTOS = YES_AGGRESSIVE;
				GCC_WARN_UNUSED_FUNCTION = YES;
				GCC_WARN_UNUSED_VARIABLE = YES;
				GENERATE_INFOPLIST_FILE = NO;
				INFOPLIST_FILE = SimpleAUHost/Info.plist;
				MACOSX_DEPLOYMENT_TARGET = 14.0;
				MTL_ENABLE_DEBUG_INFO = INCLUDE_SOURCE;
				MTL_FAST_MATH = YES;
				ONLY_ACTIVE_ARCH = YES;
				PRODUCT_BUNDLE_IDENTIFIER = dev.staubichsauger.SimpleAUHost;
				PRODUCT_NAME = "$(TARGET_NAME)";
				SDKROOT = macosx;
				SWIFT_ACTIVE_COMPILATION_CONDITIONS = DEBUG;
				SWIFT_OPTIMIZATION_LEVEL = "-Onone";
				SWIFT_VERSION = 6.0;
			};
			name = Debug;
		};
		9B6CAB9C0FD178D4869E62CC /* Release */ = {
			isa = XCBuildConfiguration;
			buildSettings = {
				ALWAYS_SEARCH_USER_PATHS = NO;
				CLANG_ANALYZER_NONNULL = YES;
				CLANG_ANALYZER_NUMBER_OBJECT_CONVERSION = YES_AGGRESSIVE;
				CLANG_CXX_LANGUAGE_STANDARD = "gnu++14";
				CLANG_CXX_LIBRARY = "libc++";
				CLANG_ENABLE_MODULES = YES;
				CLANG_ENABLE_OBJC_ARC = YES;
				CLANG_ENABLE_OBJC_WEAK = YES;
				CLANG_WARN_BLOCK_CAPTURE_AUTORELEASING = YES;
				CLANG_WARN_BOOL_CONVERSION = YES;
				CLANG_WARN_COMMA = YES;
				CLANG_WARN_CONSTANT_CONVERSION = YES;
				CLANG_WARN_DEPRECATED_OBJC_IMPLEMENTATIONS = YES;
				CLANG_WARN_DIRECT_OBJC_ISA_USAGE = YES_ERROR;
				CLANG_WARN_DOCUMENTATION_COMMENTS = YES;
				CLANG_WARN_EMPTY_BODY = YES;
				CLANG_WARN_ENUM_CONVERSION = YES;
				CLANG_WARN_INFINITE_RECURSION = YES;
				CLANG_WARN_INT_CONVERSION = YES;
				CLANG_WARN_NON_LITERAL_NULL_CONVERSION = YES;
				CLANG_WARN_OBJC_IMPLICIT_RETAIN_SELF = YES;
				CLANG_WARN_OBJC_LITERAL_CONVERSION = YES;
				CLANG_WARN_OBJC_ROOT_CLASS = YES_ERROR;
				CLANG_WARN_QUOTED_INCLUDE_IN_FRAMEWORK_HEADER = YES;
				CLANG_WARN_RANGE_LOOP_ANALYSIS = YES;
				CLANG_WARN_STRICT_PROTOTYPES = YES;
				CLANG_WARN_SUSPICIOUS_MOVE = YES;
				CLANG_WARN_UNGUARDED_AVAILABILITY = YES_AGGRESSIVE;
				CLANG_WARN_UNREACHABLE_CODE = YES;
				CLANG_WARN__DUPLICATE_METHOD_MATCH = YES;
				CODE_SIGN_STYLE = Automatic;
				COPY_PHASE_STRIP = NO;
				DEBUG_INFORMATION_FORMAT = "dwarf-with-dsym";
				ENABLE_NS_ASSERTIONS = NO;
				ENABLE_STRICT_OBJC_MSGSEND = YES;
				GCC_C_LANGUAGE_STANDARD = gnu11;
				GCC_NO_COMMON_BLOCKS = YES;
				GCC_WARN_64_TO_32_BIT_CONVERSION = YES;
				GCC_WARN_ABOUT_RETURN_TYPE = YES_ERROR;
				GCC_WARN_UNDECLARED_SELECTOR = YES;
				GCC_WARN_UNINITIALIZED_AUTOS = YES_AGGRESSIVE;
				GCC_WARN_UNUSED_FUNCTION = YES;
				GCC_WARN_UNUSED_VARIABLE = YES;
				GENERATE_INFOPLIST_FILE = NO;
				INFOPLIST_FILE = SimpleAUHost/Info.plist;
				MACOSX_DEPLOYMENT_TARGET = 14.0;
				MTL_ENABLE_DEBUG_INFO = NO;
				MTL_FAST_MATH = YES;
				PRODUCT_BUNDLE_IDENTIFIER = dev.staubichsauger.SimpleAUHost;
				PRODUCT_NAME = "$(TARGET_NAME)";
				SDKROOT = macosx;
				SWIFT_COMPILATION_MODE = wholemodule;
				SWIFT_OPTIMIZATION_LEVEL = "-O";
				SWIFT_VERSION = 6.0;
			};
			name = Release;
		};
		BB2DBAE8C9D0358B1BB80817 /* Debug */ = {
			isa = XCBuildConfiguration;
			buildSettings = {
				ASSETCATALOG_COMPILER_APPICON_NAME = AppIcon;
				COMBINE_HIDPI_IMAGES = YES;
				LD_RUNPATH_SEARCH_PATHS = (
					"$(inherited)",
					"@executable_path/../Frameworks",
				);
				OTHER_CFLAGS = "$(inherited) -std=c11";
				PRODUCT_NAME = SimpleAUHost;
				SDKROOT = macosx;
				SWIFT_OBJC_BRIDGING_HEADER = "SimpleAUHost/Support/SimpleAUHost-Bridging-Header.h";
			};
			name = Debug;
		};
		FEC2FEB29FE8C4A85D552694 /* Release */ = {
			isa = XCBuildConfiguration;
			buildSettings = {
				ASSETCATALOG_COMPILER_APPICON_NAME = AppIcon;
				COMBINE_HIDPI_IMAGES = YES;
				LD_RUNPATH_SEARCH_PATHS = (
					"$(inherited)",
					"@executable_path/../Frameworks",
				);
				OTHER_CFLAGS = "$(inherited) -std=c11";
				PRODUCT_NAME = SimpleAUHost;
				SDKROOT = macosx;
				SWIFT_OBJC_BRIDGING_HEADER = "SimpleAUHost/Support/SimpleAUHost-Bridging-Header.h";
			};
			name = Release;
		};
/* End XCBuildConfiguration section */

/* Begin XCConfigurationList section */
		2E50E1C746CFEBADFE5DB7E7 /* Build configuration list for PBXProject "SimpleAUHost" */ = {
			isa = XCConfigurationList;
			buildConfigurations = (
				18DDC4B5D70EFE6640C582C8 /* Debug */,
				9B6CAB9C0FD178D4869E62CC /* Release */,
			);
			defaultConfigurationIsVisible = 0;
			defaultConfigurationName = Debug;
		};
		3C4B09B83565590643E61018 /* Build configuration list for PBXNativeTarget "SimpleAUHost" */ = {
			isa = XCConfigurationList;
			buildConfigurations = (
				BB2DBAE8C9D0358B1BB80817 /* Debug */,
				FEC2FEB29FE8C4A85D552694 /* Release */,
			);
			defaultConfigurationIsVisible = 0;
			defaultConfigurationName = Debug;
		};
/* End XCConfigurationList section */
	};
	rootObject = DFF9E0B3F9DC0F5E27B77A4D /* Project object */;
}
